
Microsoft Visual Studio Solution File, Format Version 11.00
# Visual Studio 2010
Project("{FAE04EC0-301F-11D3-BF4B-00C04F79EFBC}") = "ArquiteturaBasica.Comuns", "Comuns\ArquiteturaBasica.Comuns.csproj", "{641ADAF5-5006-4496-BCAC-5CEB676F716D}"
EndProject
Project("{FAE04EC0-301F-11D3-BF4B-00C04F79EFBC}") = "ArquiteturaBasica.Negocio", "Negocio\ArquiteturaBasica.Negocio.csproj", "{E2B1E3B1-958D-4EA1-B234-804571E40745}"
EndProject
Project("{FAE04EC0-301F-11D3-BF4B-00C04F79EFBC}") = "ArquiteturaBasica.Dominio", "Dominio\ArquiteturaBasica.Dominio.csproj", "{235E2481-7F10-43DF-B21F-022330857834}"
EndProject
Project("{FAE04EC0-301F-11D3-BF4B-00C04F79EFBC}") = "ArquiteturaBasica.Repositorio", "Repositorio\ArquiteturaBasica.Repositorio.csproj", "{1C9C13EC-C39D-4EB6-814B-8C4562B808B6}"
EndProject
Project("{FAE04EC0-301F-11D3-BF4B-00C04F79EFBC}") = "ArquiteturaBasica.WebUI", "ArquiteturaBasica.WebUI\ArquiteturaBasica.WebUI.csproj", "{AEC19D41-4EB8-4DEE-ADA3-2E64DFC007D7}"
EndProject
Global
	GlobalSection(SolutionConfigurationPlatforms) = preSolution
		Debug|Any CPU = Debug|Any CPU
		Release|Any CPU = Release|Any CPU
	EndGlobalSection
	GlobalSection(ProjectConfigurationPlatforms) = postSolution
		{641ADAF5-5006-4496-BCAC-5CEB676F716D}.Debug|Any CPU.ActiveCfg = Debug|Any CPU
		{641ADAF5-5006-4496-BCAC-5CEB676F716D}.Debug|Any CPU.Build.0 = Debug|Any CPU
		{641ADAF5-5006-4496-BCAC-5CEB676F716D}.Release|Any CPU.ActiveCfg = Release|Any CPU
		{641ADAF5-5006-4496-BCAC-5CEB676F716D}.Release|Any CPU.Build.0 = Release|Any CPU
		{E2B1E3B1-958D-4EA1-B234-804571E40745}.Debug|Any CPU.ActiveCfg = Debug|Any CPU
		{E2B1E3B1-958D-4EA1-B234-804571E40745}.Debug|Any CPU.Build.0 = Debug|Any CPU
		{E2B1E3B1-958D-4EA1-B234-804571E40745}.Release|Any CPU.ActiveCfg = Release|Any CPU
		{E2B1E3B1-958D-4EA1-B234-804571E40745}.Release|Any CPU.Build.0 = Release|Any CPU
		{235E2481-7F10-43DF-B21F-022330857834}.Debug|Any CPU.ActiveCfg = Debug|Any CPU
		{235E2481-7F10-43DF-B21F-022330857834}.Debug|Any CPU.Build.0 = Debug|Any CPU
		{235E2481-7F10-43DF-B21F-022330857834}.Release|Any CPU.ActiveCfg = Release|Any CPU
		{235E2481-7F10-43DF-B21F-022330857834}.Release|Any CPU.Build.0 = Release|Any CPU
		{1C9C13EC-C39D-4EB6-814B-8C4562B808B6}.Debug|Any CPU.ActiveCfg = Debug|Any CPU
		{1C9C13EC-C39D-4EB6-814B-8C4562B808B6}.Debug|Any CPU.Build.0 = Debug|Any CPU
		{1C9C13EC-C39D-4EB6-814B-8C4562B808B6}.Release|Any CPU.ActiveCfg = Release|Any CPU
		{1C9C13EC-C39D-4EB6-814B-8C4562B808B6}.Release|Any CPU.Build.0 = Release|Any CPU
		{AEC19D41-4EB8-4DEE-ADA3-2E64DFC007D7}.Debug|Any CPU.ActiveCfg = Debug|Any CPU
		{AEC19D41-4EB8-4DEE-ADA3-2E64DFC007D7}.Debug|Any CPU.Build.0 = Debug|Any CPU
		{AEC19D41-4EB8-4DEE-ADA3-2E64DFC007D7}.Release|Any CPU.ActiveCfg = Release|Any CPU
		{AEC19D41-4EB8-4DEE-ADA3-2E64DFC007D7}.Release|Any CPU.Build.0 = Release|Any CPU
	EndGlobalSection
	GlobalSection(SolutionProperties) = preSolution
		HideSolutionNode = FALSE
	EndGlobalSection
EndGlobal
